
Microsoft Visual Studio Solution File, Format Version 12.00
# Visual Studio Version 16
VisualStudioVersion = 16.0.31729.503
MinimumVisualStudioVersion = 10.0.40219.1
Project("{FAE04EC0-301F-11D3-BF4B-00C04F79EFBC}") = "PrinterCount", "PrinterCount\PrinterCount.csproj", "{A317926D-2649-4C5E-B112-2BC70D60AD64}"
EndProject
Global
	GlobalSection(SolutionConfigurationPlatforms) = preSolution
		Debug|Any CPU = Debug|Any CPU
		Release|Any CPU = Release|Any CPU
	EndGlobalSection
	GlobalSection(ProjectConfigurationPlatforms) = postSolution
		{A317926D-2649-4C5E-B112-2BC70D60AD64}.Debug|Any CPU.ActiveCfg = Debug|Any CPU
		{A317926D-2649-4C5E-B112-2BC70D60AD64}.Debug|Any CPU.Build.0 = Debug|Any CPU
		{A317926D-2649-4C5E-B112-2BC70D60AD64}.Release|Any CPU.ActiveCfg = Release|Any CPU
		{A317926D-2649-4C5E-B112-2BC70D60AD64}.Release|Any CPU.Build.0 = Release|Any CPU
	EndGlobalSection
	GlobalSection(SolutionProperties) = preSolution
		HideSolutionNode = FALSE
	EndGlobalSection
	GlobalSection(ExtensibilityGlobals) = postSolution
		SolutionGuid = {D345EDFF-B2A9-45EA-A45F-F6E79899A7C2}
	EndGlobalSection
EndGlobal
